// !$*UTF8*$!
{
	archiveVersion = 1;
	classes = {
	};
	objectVersion = 55;
	objects = {

/* Begin PBXBuildFile section */
		BA0501D027DEE2CC00372FE9 /* 47.cpp in Sources */ = {isa = PBXBuildFile; fileRef = BA0501CF27DEE2CC00372FE9 /* 47.cpp */; };
		BA250DCA27DAEB8A008AD05A /* 22n.cpp in Sources */ = {isa = PBXBuildFile; fileRef = BA250DC927DAEB54008AD05A /* 22n.cpp */; };
		BA6C7BF027F0406E00ED2596 /* 60wa.cpp in Sources */ = {isa = PBXBuildFile; fileRef = BA6C7BEF27F0406E00ED2596 /* 60wa.cpp */; };
		BA7BC33A27FD826A00BE59A6 /* 90.cpp in Sources */ = {isa = PBXBuildFile; fileRef = BA7BC32327FD63A800BE59A6 /* 90.cpp */; };
		BADA1C0E2806C2A400F41320 /* 795.cpp in Sources */ = {isa = PBXBuildFile; fileRef = BAE5653C28030BA8008701F1 /* 795.cpp */; };
/* End PBXBuildFile section */

/* Begin PBXCopyFilesBuildPhase section */
		BA1409A627D33C610057AAB1 /* CopyFiles */ = {
			isa = PBXCopyFilesBuildPhase;
			buildActionMask = 2147483647;
			dstPath = /usr/share/man/man1/;
			dstSubfolderSpec = 0;
			files = (
			);
			runOnlyForDeploymentPostprocessing = 1;
		};
		BA250DCD27DC498B008AD05A /* CopyFiles */ = {
			isa = PBXCopyFilesBuildPhase;
			buildActionMask = 2147483647;
			dstPath = /usr/share/man/man1/;
			dstSubfolderSpec = 0;
			files = (
			);
			runOnlyForDeploymentPostprocessing = 1;
		};
		BA27696E27E5C71200F7B01C /* CopyFiles */ = {
			isa = PBXCopyFilesBuildPhase;
			buildActionMask = 2147483647;
			dstPath = /usr/share/man/man1/;
			dstSubfolderSpec = 0;
			files = (
			);
			runOnlyForDeploymentPostprocessing = 1;
		};
		BAD327BF27F827D300A2E629 /* CopyFiles */ = {
			isa = PBXCopyFilesBuildPhase;
			buildActionMask = 2147483647;
			dstPath = /usr/share/man/man1/;
			dstSubfolderSpec = 0;
			files = (
			);
			runOnlyForDeploymentPostprocessing = 1;
		};
		BAF5029528017E3500949F02 /* CopyFiles */ = {
			isa = PBXCopyFilesBuildPhase;
			buildActionMask = 2147483647;
			dstPath = /usr/share/man/man1/;
			dstSubfolderSpec = 0;
			files = (
			);
			runOnlyForDeploymentPostprocessing = 1;
		};
/* End PBXCopyFilesBuildPhase section */

/* Begin PBXFileReference section */
		BA0501CD27DEDD1000372FE9 /* 293.cpp */ = {isa = PBXFileReference; lastKnownFileType = sourcecode.cpp.cpp; path = 293.cpp; sourceTree = "<group>"; };
		BA0501CF27DEE2CC00372FE9 /* 47.cpp */ = {isa = PBXFileReference; lastKnownFileType = sourcecode.cpp.cpp; path = 47.cpp; sourceTree = "<group>"; };
		BA0674B727EC992F00C08417 /* 410better.cpp */ = {isa = PBXFileReference; lastKnownFileType = sourcecode.cpp.cpp; path = 410better.cpp; sourceTree = "<group>"; };
		BA0674BA27EF046100C08417 /* 62.cpp */ = {isa = PBXFileReference; lastKnownFileType = sourcecode.cpp.cpp; path = 62.cpp; sourceTree = "<group>"; };
		BA0674BE27EF3EDC00C08417 /* 63.cpp */ = {isa = PBXFileReference; lastKnownFileType = sourcecode.cpp.cpp; path = 63.cpp; sourceTree = "<group>"; };
		BA0674C027EF41DB00C08417 /* 69.cpp */ = {isa = PBXFileReference; lastKnownFileType = sourcecode.cpp.cpp; path = 69.cpp; sourceTree = "<group>"; };
		BA1409A827D33C610057AAB1 /* algo2022 */ = {isa = PBXFileReference; explicitFileType = "compiled.mach-o.executable"; includeInIndex = 0; path = algo2022; sourceTree = BUILT_PRODUCTS_DIR; };
		BA1409AB27D33C610057AAB1 /* main.cpp */ = {isa = PBXFileReference; lastKnownFileType = sourcecode.cpp.cpp; path = main.cpp; sourceTree = "<group>"; };
		BA1409B427D33E750057AAB1 /* 19.cpp */ = {isa = PBXFileReference; lastKnownFileType = sourcecode.cpp.cpp; path = 19.cpp; sourceTree = "<group>"; };
		BA1409B627D353E60057AAB1 /* 20.cpp */ = {isa = PBXFileReference; lastKnownFileType = sourcecode.cpp.cpp; path = 20.cpp; sourceTree = "<group>"; };
		BA1409B827D449600057AAB1 /* 36.cpp */ = {isa = PBXFileReference; lastKnownFileType = sourcecode.cpp.cpp; path = 36.cpp; sourceTree = "<group>"; };
		BA1409BA27D44A560057AAB1 /* 37.cpp */ = {isa = PBXFileReference; lastKnownFileType = sourcecode.cpp.cpp; path = 37.cpp; sourceTree = "<group>"; };
		BA1409BC27D44B3C0057AAB1 /* 21.cpp */ = {isa = PBXFileReference; lastKnownFileType = sourcecode.cpp.cpp; path = 21.cpp; sourceTree = "<group>"; };
		BA14841327F86F3F0070BADE /* 89.cpp */ = {isa = PBXFileReference; lastKnownFileType = sourcecode.cpp.cpp; path = 89.cpp; sourceTree = "<group>"; };
		BA14841527F872840070BADE /* 78.cpp */ = {isa = PBXFileReference; lastKnownFileType = sourcecode.cpp.cpp; path = 78.cpp; sourceTree = "<group>"; };
		BA14841827F87F450070BADE /* 91.cpp */ = {isa = PBXFileReference; lastKnownFileType = sourcecode.cpp.cpp; path = 91.cpp; sourceTree = "<group>"; };
		BA21718F27D451B80043EE52 /* 20new.cpp */ = {isa = PBXFileReference; lastKnownFileType = sourcecode.cpp.cpp; path = 20new.cpp; sourceTree = "<group>"; };
		BA21719127D4C9240043EE52 /* 22wa.cpp */ = {isa = PBXFileReference; lastKnownFileType = sourcecode.cpp.cpp; path = 22wa.cpp; sourceTree = "<group>"; };
		BA21719327D5AE9B0043EE52 /* 23.cpp */ = {isa = PBXFileReference; lastKnownFileType = sourcecode.cpp.cpp; path = 23.cpp; sourceTree = "<group>"; };
		BA21719527D5B8340043EE52 /* 25.cpp */ = {isa = PBXFileReference; lastKnownFileType = sourcecode.cpp.cpp; path = 25.cpp; sourceTree = "<group>"; };
		BA2171C227D632330043EE52 /* 25n.cpp */ = {isa = PBXFileReference; lastKnownFileType = sourcecode.cpp.cpp; path = 25n.cpp; sourceTree = "<group>"; };
		BA2171C427D6D2EA0043EE52 /* 512.cpp */ = {isa = PBXFileReference; lastKnownFileType = sourcecode.cpp.cpp; path = 512.cpp; sourceTree = "<group>"; };
		BA2171C627D6E7B10043EE52 /* 513.cpp */ = {isa = PBXFileReference; lastKnownFileType = sourcecode.cpp.cpp; path = 513.cpp; sourceTree = "<group>"; };
		BA250DC927DAEB54008AD05A /* 22n.cpp */ = {isa = PBXFileReference; lastKnownFileType = sourcecode.cpp.cpp; path = 22n.cpp; sourceTree = "<group>"; };
		BA250DCF27DC498B008AD05A /* 0312 */ = {isa = PBXFileReference; explicitFileType = "compiled.mach-o.executable"; includeInIndex = 0; path = 0312; sourceTree = BUILT_PRODUCTS_DIR; };
		BA250DD127DC498B008AD05A /* 48.cpp */ = {isa = PBXFileReference; lastKnownFileType = sourcecode.cpp.cpp; path = 48.cpp; sourceTree = "<group>"; };
		BA250DD627DC924E008AD05A /* 49.cpp */ = {isa = PBXFileReference; lastKnownFileType = sourcecode.cpp.cpp; path = 49.cpp; sourceTree = "<group>"; };
		BA27697027E5C71200F7B01C /* 0319 */ = {isa = PBXFileReference; explicitFileType = "compiled.mach-o.executable"; includeInIndex = 0; path = 0319; sourceTree = BUILT_PRODUCTS_DIR; };
		BA27697227E5C71200F7B01C /* 42.cpp */ = {isa = PBXFileReference; lastKnownFileType = sourcecode.cpp.cpp; path = 42.cpp; sourceTree = "<group>"; };
		BA27697727E5D13900F7B01C /* 44.cpp */ = {isa = PBXFileReference; lastKnownFileType = sourcecode.cpp.cpp; path = 44.cpp; sourceTree = "<group>"; };
		BA27697927E5E10700F7B01C /* 1101.cpp */ = {isa = PBXFileReference; lastKnownFileType = sourcecode.cpp.cpp; path = 1101.cpp; sourceTree = "<group>"; };
		BA4CB65527E7238700DA5A2B /* 59.cpp */ = {isa = PBXFileReference; lastKnownFileType = sourcecode.cpp.cpp; path = 59.cpp; sourceTree = "<group>"; };
		BA4CB65827E7F66800DA5A2B /* 46.cpp */ = {isa = PBXFileReference; lastKnownFileType = sourcecode.cpp.cpp; path = 46.cpp; sourceTree = "<group>"; };
		BA4CB65A27E8094700DA5A2B /* 410.cpp */ = {isa = PBXFileReference; lastKnownFileType = sourcecode.cpp.cpp; path = 410.cpp; sourceTree = "<group>"; };
		BA6C7BEA27EFFADC00ED2596 /* 72.cpp */ = {isa = PBXFileReference; lastKnownFileType = sourcecode.cpp.cpp; path = 72.cpp; sourceTree = "<group>"; };
		BA6C7BED27F03BC500ED2596 /* 73.cpp */ = {isa = PBXFileReference; lastKnownFileType = sourcecode.cpp.cpp; path = 73.cpp; sourceTree = "<group>"; };
		BA6C7BEF27F0406E00ED2596 /* 60wa.cpp */ = {isa = PBXFileReference; lastKnownFileType = sourcecode.cpp.cpp; path = 60wa.cpp; sourceTree = "<group>"; };
		BA7BC32327FD63A800BE59A6 /* 90.cpp */ = {isa = PBXFileReference; lastKnownFileType = sourcecode.cpp.cpp; path = 90.cpp; sourceTree = "<group>"; };
		BAA99D2427F866DB00C91143 /* 74.cpp */ = {isa = PBXFileReference; lastKnownFileType = sourcecode.cpp.cpp; path = 74.cpp; sourceTree = "<group>"; };
		BACFF13027E83EEA0021CCD6 /* 410ac.cpp */ = {isa = PBXFileReference; lastKnownFileType = sourcecode.cpp.cpp; path = 410ac.cpp; sourceTree = "<group>"; };
		BAD327C127F827D300A2E629 /* 0402 */ = {isa = PBXFileReference; explicitFileType = "compiled.mach-o.executable"; includeInIndex = 0; path = 0402; sourceTree = BUILT_PRODUCTS_DIR; };
		BAD327C327F827D300A2E629 /* 70.cpp */ = {isa = PBXFileReference; lastKnownFileType = sourcecode.cpp.cpp; path = 70.cpp; sourceTree = "<group>"; };
		BADA1C0A2804F8BE00F41320 /* 128.cpp */ = {isa = PBXFileReference; lastKnownFileType = sourcecode.cpp.cpp; path = 128.cpp; sourceTree = "<group>"; };
		BADA1C0C28067C0C00F41320 /* 127.cpp */ = {isa = PBXFileReference; lastKnownFileType = sourcecode.cpp.cpp; path = 127.cpp; sourceTree = "<group>"; };
		BAE5653A2802EC26008701F1 /* 125.cpp */ = {isa = PBXFileReference; lastKnownFileType = sourcecode.cpp.cpp; path = 125.cpp; sourceTree = "<group>"; };
		BAE5653C28030BA8008701F1 /* 795.cpp */ = {isa = PBXFileReference; lastKnownFileType = sourcecode.cpp.cpp; path = 795.cpp; sourceTree = "<group>"; };
		BAE5653E2803C6C4008701F1 /* 789.cpp */ = {isa = PBXFileReference; lastKnownFileType = sourcecode.cpp.cpp; path = 789.cpp; sourceTree = "<group>"; };
		BAF5029728017E3500949F02 /* 0409 */ = {isa = PBXFileReference; explicitFileType = "compiled.mach-o.executable"; includeInIndex = 0; path = 0409; sourceTree = BUILT_PRODUCTS_DIR; };
		BAF5029928017E3600949F02 /* 124.cpp */ = {isa = PBXFileReference; lastKnownFileType = sourcecode.cpp.cpp; path = 124.cpp; sourceTree = "<group>"; };
/* End PBXFileReference section */

/* Begin PBXFrameworksBuildPhase section */
		BA1409A527D33C610057AAB1 /* Frameworks */ = {
			isa = PBXFrameworksBuildPhase;
			buildActionMask = 2147483647;
			files = (
			);
			runOnlyForDeploymentPostprocessing = 0;
		};
		BA250DCC27DC498B008AD05A /* Frameworks */ = {
			isa = PBXFrameworksBuildPhase;
			buildActionMask = 2147483647;
			files = (
			);
			runOnlyForDeploymentPostprocessing = 0;
		};
		BA27696D27E5C71200F7B01C /* Frameworks */ = {
			isa = PBXFrameworksBuildPhase;
			buildActionMask = 2147483647;
			files = (
			);
			runOnlyForDeploymentPostprocessing = 0;
		};
		BAD327BE27F827D300A2E629 /* Frameworks */ = {
			isa = PBXFrameworksBuildPhase;
			buildActionMask = 2147483647;
			files = (
			);
			runOnlyForDeploymentPostprocessing = 0;
		};
		BAF5029428017E3500949F02 /* Frameworks */ = {
			isa = PBXFrameworksBuildPhase;
			buildActionMask = 2147483647;
			files = (
			);
			runOnlyForDeploymentPostprocessing = 0;
		};
/* End PBXFrameworksBuildPhase section */

/* Begin PBXGroup section */
		BA14099F27D33C610057AAB1 = {
			isa = PBXGroup;
			children = (
				BA1409AB27D33C610057AAB1 /* main.cpp */,
				BA1409AA27D33C610057AAB1 /* 0305 */,
				BA250DD027DC498B008AD05A /* 0312 */,
				BA27697127E5C71200F7B01C /* 0319 */,
				BAD327C227F827D300A2E629 /* 0402 */,
				BAF5029828017E3600949F02 /* 0409 */,
				BA1409A927D33C610057AAB1 /* Products */,
			);
			sourceTree = "<group>";
		};
		BA1409A927D33C610057AAB1 /* Products */ = {
			isa = PBXGroup;
			children = (
				BA1409A827D33C610057AAB1 /* algo2022 */,
				BA250DCF27DC498B008AD05A /* 0312 */,
				BA27697027E5C71200F7B01C /* 0319 */,
				BAD327C127F827D300A2E629 /* 0402 */,
				BAF5029728017E3500949F02 /* 0409 */,
			);
			name = Products;
			sourceTree = "<group>";
		};
		BA1409AA27D33C610057AAB1 /* 0305 */ = {
			isa = PBXGroup;
			children = (
				BA1409B427D33E750057AAB1 /* 19.cpp */,
				BA1409B627D353E60057AAB1 /* 20.cpp */,
				BA1409B827D449600057AAB1 /* 36.cpp */,
				BA1409BA27D44A560057AAB1 /* 37.cpp */,
				BA1409BC27D44B3C0057AAB1 /* 21.cpp */,
				BA21718F27D451B80043EE52 /* 20new.cpp */,
				BA21719127D4C9240043EE52 /* 22wa.cpp */,
				BA250DC927DAEB54008AD05A /* 22n.cpp */,
				BA21719327D5AE9B0043EE52 /* 23.cpp */,
				BA21719527D5B8340043EE52 /* 25.cpp */,
				BA2171C227D632330043EE52 /* 25n.cpp */,
				BA2171C427D6D2EA0043EE52 /* 512.cpp */,
				BA2171C627D6E7B10043EE52 /* 513.cpp */,
			);
			path = 0305;
			sourceTree = "<group>";
		};
		BA250DD027DC498B008AD05A /* 0312 */ = {
			isa = PBXGroup;
			children = (
				BA250DD127DC498B008AD05A /* 48.cpp */,
				BA250DD627DC924E008AD05A /* 49.cpp */,
				BA0501CD27DEDD1000372FE9 /* 293.cpp */,
				BA0501CF27DEE2CC00372FE9 /* 47.cpp */,
			);
			path = 0312;
			sourceTree = "<group>";
		};
		BA27697127E5C71200F7B01C /* 0319 */ = {
			isa = PBXGroup;
			children = (
				BA27697227E5C71200F7B01C /* 42.cpp */,
				BA27697727E5D13900F7B01C /* 44.cpp */,
				BA27697927E5E10700F7B01C /* 1101.cpp */,
				BA4CB65527E7238700DA5A2B /* 59.cpp */,
				BA4CB65827E7F66800DA5A2B /* 46.cpp */,
				BA0674BA27EF046100C08417 /* 62.cpp */,
				BA0674BE27EF3EDC00C08417 /* 63.cpp */,
				BA0674C027EF41DB00C08417 /* 69.cpp */,
				BA6C7BEA27EFFADC00ED2596 /* 72.cpp */,
				BA6C7BED27F03BC500ED2596 /* 73.cpp */,
				BA6C7BEF27F0406E00ED2596 /* 60wa.cpp */,
				BA4CB65A27E8094700DA5A2B /* 410.cpp */,
				BACFF13027E83EEA0021CCD6 /* 410ac.cpp */,
				BA0674B727EC992F00C08417 /* 410better.cpp */,
			);
			path = 0319;
			sourceTree = "<group>";
		};
		BAD327C227F827D300A2E629 /* 0402 */ = {
			isa = PBXGroup;
			children = (
				BAD327C327F827D300A2E629 /* 70.cpp */,
				BAA99D2427F866DB00C91143 /* 74.cpp */,
				BA14841327F86F3F0070BADE /* 89.cpp */,
				BA14841527F872840070BADE /* 78.cpp */,
				BA14841827F87F450070BADE /* 91.cpp */,
				BA7BC32327FD63A800BE59A6 /* 90.cpp */,
			);
			path = 0402;
			sourceTree = "<group>";
		};
		BAF5029828017E3600949F02 /* 0409 */ = {
			isa = PBXGroup;
			children = (
				BAF5029928017E3600949F02 /* 124.cpp */,
				BAE5653A2802EC26008701F1 /* 125.cpp */,
				BAE5653C28030BA8008701F1 /* 795.cpp */,
				BADA1C0A2804F8BE00F41320 /* 128.cpp */,
				BAE5653E2803C6C4008701F1 /* 789.cpp */,
				BADA1C0C28067C0C00F41320 /* 127.cpp */,
			);
			path = 0409;
			sourceTree = "<group>";
		};
/* End PBXGroup section */

/* Begin PBXNativeTarget section */
		BA1409A727D33C610057AAB1 /* algo2022 */ = {
			isa = PBXNativeTarget;
			buildConfigurationList = BA1409AF27D33C610057AAB1 /* Build configuration list for PBXNativeTarget "algo2022" */;
			buildPhases = (
				BA1409A427D33C610057AAB1 /* Sources */,
				BA1409A527D33C610057AAB1 /* Frameworks */,
				BA1409A627D33C610057AAB1 /* CopyFiles */,
			);
			buildRules = (
			);
			dependencies = (
			);
			name = algo2022;
			productName = algo2022;
			productReference = BA1409A827D33C610057AAB1 /* algo2022 */;
			productType = "com.apple.product-type.tool";
		};
		BA250DCE27DC498B008AD05A /* 0312 */ = {
			isa = PBXNativeTarget;
			buildConfigurationList = BA250DD527DC498B008AD05A /* Build configuration list for PBXNativeTarget "0312" */;
			buildPhases = (
				BA250DCB27DC498B008AD05A /* Sources */,
				BA250DCC27DC498B008AD05A /* Frameworks */,
				BA250DCD27DC498B008AD05A /* CopyFiles */,
			);
			buildRules = (
			);
			dependencies = (
			);
			name = 0312;
			productName = 0312;
			productReference = BA250DCF27DC498B008AD05A /* 0312 */;
			productType = "com.apple.product-type.tool";
		};
		BA27696F27E5C71200F7B01C /* 0319 */ = {
			isa = PBXNativeTarget;
			buildConfigurationList = BA27697627E5C71200F7B01C /* Build configuration list for PBXNativeTarget "0319" */;
			buildPhases = (
				BA27696C27E5C71200F7B01C /* Sources */,
				BA27696D27E5C71200F7B01C /* Frameworks */,
				BA27696E27E5C71200F7B01C /* CopyFiles */,
			);
			buildRules = (
			);
			dependencies = (
			);
			name = 0319;
			productName = 0319;
			productReference = BA27697027E5C71200F7B01C /* 0319 */;
			productType = "com.apple.product-type.tool";
		};
		BAD327C027F827D300A2E629 /* 0402 */ = {
			isa = PBXNativeTarget;
			buildConfigurationList = BAD327C727F827D300A2E629 /* Build configuration list for PBXNativeTarget "0402" */;
			buildPhases = (
				BAD327BD27F827D300A2E629 /* Sources */,
				BAD327BE27F827D300A2E629 /* Frameworks */,
				BAD327BF27F827D300A2E629 /* CopyFiles */,
			);
			buildRules = (
			);
			dependencies = (
			);
			name = 0402;
			productName = 0402;
			productReference = BAD327C127F827D300A2E629 /* 0402 */;
			productType = "com.apple.product-type.tool";
		};
		BAF5029628017E3500949F02 /* 0409 */ = {
			isa = PBXNativeTarget;
			buildConfigurationList = BAF5029B28017E3600949F02 /* Build configuration list for PBXNativeTarget "0409" */;
			buildPhases = (
				BAF5029328017E3500949F02 /* Sources */,
				BAF5029428017E3500949F02 /* Frameworks */,
				BAF5029528017E3500949F02 /* CopyFiles */,
			);
			buildRules = (
			);
			dependencies = (
			);
			name = 0409;
			productName = 0409;
			productReference = BAF5029728017E3500949F02 /* 0409 */;
			productType = "com.apple.product-type.tool";
		};
/* End PBXNativeTarget section */

/* Begin PBXProject section */
		BA1409A027D33C610057AAB1 /* Project object */ = {
			isa = PBXProject;
			attributes = {
				BuildIndependentTargetsInParallel = 1;
				LastUpgradeCheck = 1320;
				TargetAttributes = {
					BA1409A727D33C610057AAB1 = {
						CreatedOnToolsVersion = 13.2.1;
					};
					BA250DCE27DC498B008AD05A = {
						CreatedOnToolsVersion = 13.2.1;
					};
					BA27696F27E5C71200F7B01C = {
						CreatedOnToolsVersion = 13.3;
					};
					BAD327C027F827D300A2E629 = {
						CreatedOnToolsVersion = 13.3;
					};
					BAF5029628017E3500949F02 = {
						CreatedOnToolsVersion = 13.3;
					};
				};
			};
			buildConfigurationList = BA1409A327D33C610057AAB1 /* Build configuration list for PBXProject "algo2022" */;
			compatibilityVersion = "Xcode 13.0";
			developmentRegion = en;
			hasScannedForEncodings = 0;
			knownRegions = (
				en,
				Base,
			);
			mainGroup = BA14099F27D33C610057AAB1;
			productRefGroup = BA1409A927D33C610057AAB1 /* Products */;
			projectDirPath = "";
			projectRoot = "";
			targets = (
				BA1409A727D33C610057AAB1 /* algo2022 */,
				BA250DCE27DC498B008AD05A /* 0312 */,
				BA27696F27E5C71200F7B01C /* 0319 */,
				BAD327C027F827D300A2E629 /* 0402 */,
				BAF5029628017E3500949F02 /* 0409 */,
			);
		};
/* End PBXProject section */

/* Begin PBXSourcesBuildPhase section */
		BA1409A427D33C610057AAB1 /* Sources */ = {
			isa = PBXSourcesBuildPhase;
			buildActionMask = 2147483647;
			files = (
				BA250DCA27DAEB8A008AD05A /* 22n.cpp in Sources */,
			);
			runOnlyForDeploymentPostprocessing = 0;
		};
		BA250DCB27DC498B008AD05A /* Sources */ = {
			isa = PBXSourcesBuildPhase;
			buildActionMask = 2147483647;
			files = (
				BA0501D027DEE2CC00372FE9 /* 47.cpp in Sources */,
			);
			runOnlyForDeploymentPostprocessing = 0;
		};
		BA27696C27E5C71200F7B01C /* Sources */ = {
			isa = PBXSourcesBuildPhase;
			buildActionMask = 2147483647;
			files = (
				BA6C7BF027F0406E00ED2596 /* 60wa.cpp in Sources */,
			);
			runOnlyForDeploymentPostprocessing = 0;
		};
		BAD327BD27F827D300A2E629 /* Sources */ = {
			isa = PBXSourcesBuildPhase;
			buildActionMask = 2147483647;
			files = (
				BA7BC33A27FD826A00BE59A6 /* 90.cpp in Sources */,
			);
			runOnlyForDeploymentPostprocessing = 0;
		};
		BAF5029328017E3500949F02 /* Sources */ = {
			isa = PBXSourcesBuildPhase;
			buildActionMask = 2147483647;
			files = (
				BADA1C0E2806C2A400F41320 /* 795.cpp in Sources */,
			);
			runOnlyForDeploymentPostprocessing = 0;
		};
/* End PBXSourcesBuildPhase section */

/* Begin XCBuildConfiguration section */
		BA1409AD27D33C610057AAB1 /* Debug */ = {
			isa = XCBuildConfiguration;
			buildSettings = {
				ALWAYS_SEARCH_USER_PATHS = NO;
				CLANG_ANALYZER_NONNULL = YES;
				CLANG_ANALYZER_NUMBER_OBJECT_CONVERSION = YES_AGGRESSIVE;
				CLANG_CXX_LANGUAGE_STANDARD = "gnu++17";
				CLANG_CXX_LIBRARY = "libc++";
				CLANG_ENABLE_MODULES = YES;
				CLANG_ENABLE_OBJC_ARC = YES;
				CLANG_ENABLE_OBJC_WEAK = YES;
				CLANG_WARN_BLOCK_CAPTURE_AUTORELEASING = YES;
				CLANG_WARN_BOOL_CONVERSION = YES;
				CLANG_WARN_COMMA = YES;
				CLANG_WARN_CONSTANT_CONVERSION = YES;
				CLANG_WARN_DEPRECATED_OBJC_IMPLEMENTATIONS = YES;
				CLANG_WARN_DIRECT_OBJC_ISA_USAGE = YES_ERROR;
				CLANG_WARN_DOCUMENTATION_COMMENTS = YES;
				CLANG_WARN_EMPTY_BODY = YES;
				CLANG_WARN_ENUM_CONVERSION = YES;
				CLANG_WARN_INFINITE_RECURSION = YES;
				CLANG_WARN_INT_CONVERSION = YES;
				CLANG_WARN_NON_LITERAL_NULL_CONVERSION = YES;
				CLANG_WARN_OBJC_IMPLICIT_RETAIN_SELF = YES;
				CLANG_WARN_OBJC_LITERAL_CONVERSION = YES;
				CLANG_WARN_OBJC_ROOT_CLASS = YES_ERROR;
				CLANG_WARN_QUOTED_INCLUDE_IN_FRAMEWORK_HEADER = YES;
				CLANG_WARN_RANGE_LOOP_ANALYSIS = YES;
				CLANG_WARN_STRICT_PROTOTYPES = YES;
				CLANG_WARN_SUSPICIOUS_MOVE = YES;
				CLANG_WARN_UNGUARDED_AVAILABILITY = YES_AGGRESSIVE;
				CLANG_WARN_UNREACHABLE_CODE = YES;
				CLANG_WARN__DUPLICATE_METHOD_MATCH = YES;
				COPY_PHASE_STRIP = NO;
				DEBUG_INFORMATION_FORMAT = dwarf;
				ENABLE_STRICT_OBJC_MSGSEND = YES;
				ENABLE_TESTABILITY = YES;
				GCC_C_LANGUAGE_STANDARD = gnu11;
				GCC_DYNAMIC_NO_PIC = NO;
				GCC_NO_COMMON_BLOCKS = YES;
				GCC_OPTIMIZATION_LEVEL = 0;
				GCC_PREPROCESSOR_DEFINITIONS = (
					"DEBUG=1",
					"$(inherited)",
				);
				GCC_WARN_64_TO_32_BIT_CONVERSION = YES;
				GCC_WARN_ABOUT_RETURN_TYPE = YES_ERROR;
				GCC_WARN_UNDECLARED_SELECTOR = YES;
				GCC_WARN_UNINITIALIZED_AUTOS = YES_AGGRESSIVE;
				GCC_WARN_UNUSED_FUNCTION = YES;
				GCC_WARN_UNUSED_VARIABLE = YES;
				MACOSX_DEPLOYMENT_TARGET = 12.1;
				MTL_ENABLE_DEBUG_INFO = INCLUDE_SOURCE;
				MTL_FAST_MATH = YES;
				ONLY_ACTIVE_ARCH = YES;
				SDKROOT = macosx;
			};
			name = Debug;
		};
		BA1409AE27D33C610057AAB1 /* Release */ = {
			isa = XCBuildConfiguration;
			buildSettings = {
				ALWAYS_SEARCH_USER_PATHS = NO;
				CLANG_ANALYZER_NONNULL = YES;
				CLANG_ANALYZER_NUMBER_OBJECT_CONVERSION = YES_AGGRESSIVE;
				CLANG_CXX_LANGUAGE_STANDARD = "gnu++17";
				CLANG_CXX_LIBRARY = "libc++";
				CLANG_ENABLE_MODULES = YES;
				CLANG_ENABLE_OBJC_ARC = YES;
				CLANG_ENABLE_OBJC_WEAK = YES;
				CLANG_WARN_BLOCK_CAPTURE_AUTORELEASING = YES;
				CLANG_WARN_BOOL_CONVERSION = YES;
				CLANG_WARN_COMMA = YES;
				CLANG_WARN_CONSTANT_CONVERSION = YES;
				CLANG_WARN_DEPRECATED_OBJC_IMPLEMENTATIONS = YES;
				CLANG_WARN_DIRECT_OBJC_ISA_USAGE = YES_ERROR;
				CLANG_WARN_DOCUMENTATION_COMMENTS = YES;
				CLANG_WARN_EMPTY_BODY = YES;
				CLANG_WARN_ENUM_CONVERSION = YES;
				CLANG_WARN_INFINITE_RECURSION = YES;
				CLANG_WARN_INT_CONVERSION = YES;
				CLANG_WARN_NON_LITERAL_NULL_CONVERSION = YES;
				CLANG_WARN_OBJC_IMPLICIT_RETAIN_SELF = YES;
				CLANG_WARN_OBJC_LITERAL_CONVERSION = YES;
				CLANG_WARN_OBJC_ROOT_CLASS = YES_ERROR;
				CLANG_WARN_QUOTED_INCLUDE_IN_FRAMEWORK_HEADER = YES;
				CLANG_WARN_RANGE_LOOP_ANALYSIS = YES;
				CLANG_WARN_STRICT_PROTOTYPES = YES;
				CLANG_WARN_SUSPICIOUS_MOVE = YES;
				CLANG_WARN_UNGUARDED_AVAILABILITY = YES_AGGRESSIVE;
				CLANG_WARN_UNREACHABLE_CODE = YES;
				CLANG_WARN__DUPLICATE_METHOD_MATCH = YES;
				COPY_PHASE_STRIP = NO;
				DEBUG_INFORMATION_FORMAT = "dwarf-with-dsym";
				ENABLE_NS_ASSERTIONS = NO;
				ENABLE_STRICT_OBJC_MSGSEND = YES;
				GCC_C_LANGUAGE_STANDARD = gnu11;
				GCC_NO_COMMON_BLOCKS = YES;
				GCC_WARN_64_TO_32_BIT_CONVERSION = YES;
				GCC_WARN_ABOUT_RETURN_TYPE = YES_ERROR;
				GCC_WARN_UNDECLARED_SELECTOR = YES;
				GCC_WARN_UNINITIALIZED_AUTOS = YES_AGGRESSIVE;
				GCC_WARN_UNUSED_FUNCTION = YES;
				GCC_WARN_UNUSED_VARIABLE = YES;
				MACOSX_DEPLOYMENT_TARGET = 12.1;
				MTL_ENABLE_DEBUG_INFO = NO;
				MTL_FAST_MATH = YES;
				SDKROOT = macosx;
			};
			name = Release;
		};
		BA1409B027D33C610057AAB1 /* Debug */ = {
			isa = XCBuildConfiguration;
			buildSettings = {
				CODE_SIGN_STYLE = Automatic;
				PRODUCT_NAME = "$(TARGET_NAME)";
			};
			name = Debug;
		};
		BA1409B127D33C610057AAB1 /* Release */ = {
			isa = XCBuildConfiguration;
			buildSettings = {
				CODE_SIGN_STYLE = Automatic;
				PRODUCT_NAME = "$(TARGET_NAME)";
			};
			name = Release;
		};
		BA250DD327DC498B008AD05A /* Debug */ = {
			isa = XCBuildConfiguration;
			buildSettings = {
				CODE_SIGN_STYLE = Automatic;
				PRODUCT_NAME = "$(TARGET_NAME)";
			};
			name = Debug;
		};
		BA250DD427DC498B008AD05A /* Release */ = {
			isa = XCBuildConfiguration;
			buildSettings = {
				CODE_SIGN_STYLE = Automatic;
				PRODUCT_NAME = "$(TARGET_NAME)";
			};
			name = Release;
		};
		BA27697427E5C71200F7B01C /* Debug */ = {
			isa = XCBuildConfiguration;
			buildSettings = {
				CODE_SIGN_STYLE = Automatic;
				MACOSX_DEPLOYMENT_TARGET = 12.2;
				PRODUCT_NAME = "$(TARGET_NAME)";
			};
			name = Debug;
		};
		BA27697527E5C71200F7B01C /* Release */ = {
			isa = XCBuildConfiguration;
			buildSettings = {
				CODE_SIGN_STYLE = Automatic;
				MACOSX_DEPLOYMENT_TARGET = 12.2;
				PRODUCT_NAME = "$(TARGET_NAME)";
			};
			name = Release;
		};
		BAD327C527F827D300A2E629 /* Debug */ = {
			isa = XCBuildConfiguration;
			buildSettings = {
				CODE_SIGN_STYLE = Automatic;
				MACOSX_DEPLOYMENT_TARGET = 12.3;
				PRODUCT_NAME = "$(TARGET_NAME)";
			};
			name = Debug;
		};
		BAD327C627F827D300A2E629 /* Release */ = {
			isa = XCBuildConfiguration;
			buildSettings = {
				CODE_SIGN_STYLE = Automatic;
				MACOSX_DEPLOYMENT_TARGET = 12.3;
				PRODUCT_NAME = "$(TARGET_NAME)";
			};
			name = Release;
		};
		BAF5029C28017E3600949F02 /* Debug */ = {
			isa = XCBuildConfiguration;
			buildSettings = {
				CODE_SIGN_STYLE = Automatic;
				DEVELOPMENT_TEAM = U27TTTUZQ2;
				ENABLE_HARDENED_RUNTIME = YES;
				MACOSX_DEPLOYMENT_TARGET = 12.3;
				PRODUCT_NAME = "$(TARGET_NAME)";
			};
			name = Debug;
		};
		BAF5029D28017E3600949F02 /* Release */ = {
			isa = XCBuildConfiguration;
			buildSettings = {
				CODE_SIGN_STYLE = Automatic;
				DEVELOPMENT_TEAM = U27TTTUZQ2;
				ENABLE_HARDENED_RUNTIME = YES;
				MACOSX_DEPLOYMENT_TARGET = 12.3;
				PRODUCT_NAME = "$(TARGET_NAME)";
			};
			name = Release;
		};
/* End XCBuildConfiguration section */

/* Begin XCConfigurationList section */
		BA1409A327D33C610057AAB1 /* Build configuration list for PBXProject "algo2022" */ = {
			isa = XCConfigurationList;
			buildConfigurations = (
				BA1409AD27D33C610057AAB1 /* Debug */,
				BA1409AE27D33C610057AAB1 /* Release */,
			);
			defaultConfigurationIsVisible = 0;
			defaultConfigurationName = Release;
		};
		BA1409AF27D33C610057AAB1 /* Build configuration list for PBXNativeTarget "algo2022" */ = {
			isa = XCConfigurationList;
			buildConfigurations = (
				BA1409B027D33C610057AAB1 /* Debug */,
				BA1409B127D33C610057AAB1 /* Release */,
			);
			defaultConfigurationIsVisible = 0;
			defaultConfigurationName = Release;
		};
		BA250DD527DC498B008AD05A /* Build configuration list for PBXNativeTarget "0312" */ = {
			isa = XCConfigurationList;
			buildConfigurations = (
				BA250DD327DC498B008AD05A /* Debug */,
				BA250DD427DC498B008AD05A /* Release */,
			);
			defaultConfigurationIsVisible = 0;
			defaultConfigurationName = Release;
		};
		BA27697627E5C71200F7B01C /* Build configuration list for PBXNativeTarget "0319" */ = {
			isa = XCConfigurationList;
			buildConfigurations = (
				BA27697427E5C71200F7B01C /* Debug */,
				BA27697527E5C71200F7B01C /* Release */,
			);
			defaultConfigurationIsVisible = 0;
			defaultConfigurationName = Release;
		};
		BAD327C727F827D300A2E629 /* Build configuration list for PBXNativeTarget "0402" */ = {
			isa = XCConfigurationList;
			buildConfigurations = (
				BAD327C527F827D300A2E629 /* Debug */,
				BAD327C627F827D300A2E629 /* Release */,
			);
			defaultConfigurationIsVisible = 0;
			defaultConfigurationName = Release;
		};
		BAF5029B28017E3600949F02 /* Build configuration list for PBXNativeTarget "0409" */ = {
			isa = XCConfigurationList;
			buildConfigurations = (
				BAF5029C28017E3600949F02 /* Debug */,
				BAF5029D28017E3600949F02 /* Release */,
			);
			defaultConfigurationIsVisible = 0;
			defaultConfigurationName = Release;
		};
/* End XCConfigurationList section */
	};
	rootObject = BA1409A027D33C610057AAB1 /* Project object */;
}
